{
  "name": "silexa-visual-runner",
  "version": "0.1.0",
  "lockfileVersion": 3,
  "requires": true,
  "packages": {
    "": {
      "name": "silexa-visual-runner",
      "version": "0.1.0",
      "dependencies": {
        "@playwright/test": "^1.50.1",
        "pixelmatch": "^5.3.0",
        "pngjs": "^7.0.0"
      }
    },
    "node_modules/@playwright/test": {
      "version": "1.50.1",
      "resolved": "https://registry.npmjs.org/@playwright/test/-/test-1.50.1.tgz",
      "integrity": "sha512-qoWJoyYGcKmYHrDQZF/VPa30gJ2DzreLeqOdsq4cVq0lAnXviqpyh7F1bhPcPaPNE2VyIa4A+gcLmQP81PFMzw==",
      "dependencies": {
        "playwright": "1.50.1"
      },
      "bin": {
        "playwright": "cli.js"
      },
      "engines": {
        "node": ">=18"
      },
      "peerDependencies": {
        "@types/node": "*"
      },
      "peerDependenciesMeta": {
        "@types/node": {
          "optional": true
        }
      }
    },
    "node_modules/@types/node": {
      "version": "22.8.6",
      "resolved": "https://registry.npmjs.org/@types/node/-/node-22.8.6.tgz",
      "integrity": "sha512-mI54xK7MsfED2lrkyeuP2SfCISn9qS+scoGL+dk++IukZA37GJp4kSQ1sLSfdz7FVwb+joG8DFMiRIjVLeb3/g==",
      "dev": true,
      "dependencies": {
        "undici-types": "~6.19.8"
      }
    },
    "node_modules/debug": {
      "version": "4.3.7",
      "resolved": "https://registry.npmjs.org/debug/-/debug-4.3.7.tgz",
      "integrity": "sha512-Er3rY5Ye7yLkZ1/L88q9v1cICgT5nNQ4CqFZ6Lt10VtvRx53/hlBW8/oN94RBhK8v3pWKqhNQ9ukom50Z3p2Fg==",
      "dependencies": {
        "ms": "^2.1.3"
      },
      "engines": {
        "node": ">=6.0"
      },
      "peerDependenciesMeta": {
        "supports-color": {
          "optional": true
        }
      }
    },
    "node_modules/fsevents": {
      "version": "2.3.2",
      "resolved": "https://registry.npmjs.org/fsevents/-/fsevents-2.3.2.tgz",
      "integrity": "sha512-xiqMQR4xAe+Rv9t6fgjkMaamC9FUYQDUUVpFMaq6ar0nVKgssL5Z5nlR8o3pJY0TQpBoLd5vQzNj+DkbFpxP/Q==",
      "dev": true,
      "hasInstallScript": true,
      "optional": true,
      "os": [
        "darwin"
      ],
      "engines": {
        "node": "^8.16.0 || ^10.6.0 || >=11.0.0"
      }
    },
    "node_modules/minimist": {
      "version": "1.2.8",
      "resolved": "https://registry.npmjs.org/minimist/-/minimist-1.2.8.tgz",
      "integrity": "sha512-2yyAR8qBkN3S2MwQhAgCvN+icWUWaPwZ5hFEv35IZYto+R5e/oQpgqP+NnPtpgwKUu76cRcrUPi3LfVUTFKxxQ=="
    },
    "node_modules/ms": {
      "version": "2.1.3",
      "resolved": "https://registry.npmjs.org/ms/-/ms-2.1.3.tgz",
      "integrity": "sha512-6Fl6JcP0+WnZOb9Qd0z6X8Y31JtMg5p+Jdvh3MVYcNSS6OGZDbalEDR9Qn5Lrg9p0pZrmjAQze8jKS4TdGIIvg=="
    },
    "node_modules/pixelmatch": {
      "version": "5.3.0",
      "resolved": "https://registry.npmjs.org/pixelmatch/-/pixelmatch-5.3.0.tgz",
      "integrity": "sha512-PT7sIGTC6YyNzA+G5pTCcnZT6X/IY8HviAsmsJtjajLiaI4A9xZhtGJZoO1pPjq0kGCDYxj/pY06OKMKBodAZQ==",
      "dependencies": {
        "pngjs": "^6.0.0"
      },
      "bin": {
        "pixelmatch": "bin/pixelmatch"
      }
    },
    "node_modules/pixelmatch/node_modules/pngjs": {
      "version": "6.0.0",
      "resolved": "https://registry.npmjs.org/pngjs/-/pngjs-6.0.0.tgz",
      "integrity": "sha512-TRzzuFRRmEoSW/p1KVAmiOgPco2Irlah+bGFCeNfJXxxYGwSw7YwAOAcd7X28K/m5bjEXLhJpIqywP4YLIpPIg==",
      "engines": {
        "node": ">=12.13.0"
      }
    },
    "node_modules/playwright": {
      "version": "1.50.1",
      "resolved": "https://registry.npmjs.org/playwright/-/playwright-1.50.1.tgz",
      "integrity": "sha512-1fTb+ddvNBqbBs3B0pROPr4fVjgBTu/M7OxQpc7tDMqa8RsqYziCsKu+UyD6PEyruj9ZyVao3bOOuiTrUaEJ6Q==",
      "dependencies": {
        "playwright-core": "1.50.1"
      },
      "bin": {
        "playwright": "cli.js"
      },
      "engines": {
        "node": ">=18"
      },
      "optionalDependencies": {
        "fsevents": "2.3.2"
      }
    },
    "node_modules/playwright-core": {
      "version": "1.50.1",
      "resolved": "https://registry.npmjs.org/playwright-core/-/playwright-core-1.50.1.tgz",
      "integrity": "sha512-uFcwWhQv8bhi5fiTh8Ttfi8vlL47JR10LljEkhhmfvvEWglgN0Pu9m5GYx5e8YeYVD7ZubkaJ7p8p5t+3OhhSw==",
      "bin": {
        "playwright-core": "cli.js"
      },
      "engines": {
        "node": ">=18"
      }
    },
    "node_modules/pngjs": {
      "version": "7.0.0",
      "resolved": "https://registry.npmjs.org/pngjs/-/pngjs-7.0.0.tgz",
      "integrity": "sha512-mZCYLdH877+dVcGojXfd7GKgAbva27qU/0MOLVd5mms6n+SHl1+Hk+G5e9mwQG0qE8sCGSYW0HzJLhij3Xvcvw==",
      "engines": {
        "node": ">=14.19.0"
      }
    },
    "node_modules/undici-types": {
      "version": "6.19.8",
      "resolved": "https://registry.npmjs.org/undici-types/-/undici-types-6.19.8.tgz",
      "integrity": "sha512-ve2KP6f/JnbPBFyobGHuerC9g1FYGn/F8n1LWTwNxCEzd6IfqTwUQcNXgEtmmQ6DlRrC1hrSrBnCZPokRrDHjw==",
      "dev": true
    }
  }
}
